{
    "version": 3,
    "terraform_version": "0.11.10",
    "serial": 3,
    "lineage": "92de46b3-530d-c53f-1ad5-4eceb9732271",
    "modules": [
        {
            "path": [
                "root"
            ],
            "outputs": {},
            "resources": {},
            "depends_on": []
        },
        {
            "path": [
                "root",
                "prototype"
            ],
            "outputs": {},
            "resources": {
                "aws_eip.prototype01": {
                    "type": "aws_eip",
                    "depends_on": [
                        "aws_instance.prototype01"
                    ],
                    "primary": {
                        "id": "eipalloc-089b3235cc2014a35",
                        "attributes": {
                            "association_id": "eipassoc-009d88b8cc76e51d4",
                            "domain": "vpc",
                            "id": "eipalloc-089b3235cc2014a35",
                            "instance": "i-0e6aa3a3e727600b3",
                            "network_interface": "eni-018a5eee3bac6ccd2",
                            "private_ip": "172.31.20.93",
                            "public_ip": "18.203.120.122",
                            "tags.%": "0",
                            "vpc": "true"
                        },
                        "meta": {
                            "e2bfb730-ecaa-11e6-8f88-34363bc7c4c0": {
                                "delete": 180000000000,
                                "read": 900000000000,
                                "update": 300000000000
                            }
                        },
                        "tainted": false
                    },
                    "deposed": [],
                    "provider": "provider.aws"
                },
                "aws_instance.prototype01": {
                    "type": "aws_instance",
                    "depends_on": [
                        "data.aws_security_group.prototype"
                    ],
                    "primary": {
                        "id": "i-0e6aa3a3e727600b3",
                        "attributes": {
                            "ami": "ami-0192f8607f1b79f80",
                            "arn": "arn:aws:ec2:eu-west-1:648039538347:instance/i-0e6aa3a3e727600b3",
                            "associate_public_ip_address": "true",
                            "availability_zone": "eu-west-1b",
                            "cpu_core_count": "1",
                            "cpu_threads_per_core": "1",
                            "credit_specification.#": "1",
                            "credit_specification.0.cpu_credits": "standard",
                            "disable_api_termination": "false",
                            "ebs_block_device.#": "0",
                            "ebs_optimized": "false",
                            "ephemeral_block_device.#": "0",
                            "get_password_data": "false",
                            "iam_instance_profile": "",
                            "id": "i-0e6aa3a3e727600b3",
                            "instance_state": "running",
                            "instance_type": "t2.micro",
                            "ipv6_addresses.#": "0",
                            "key_name": "prototype",
                            "monitoring": "false",
                            "network_interface.#": "0",
                            "network_interface_id": "eni-018a5eee3bac6ccd2",
                            "password_data": "",
                            "placement_group": "",
                            "primary_network_interface_id": "eni-018a5eee3bac6ccd2",
                            "private_dns": "ip-172-31-20-93.eu-west-1.compute.internal",
                            "private_ip": "172.31.20.93",
                            "public_dns": "ec2-54-154-208-72.eu-west-1.compute.amazonaws.com",
                            "public_ip": "54.154.208.72",
                            "root_block_device.#": "1",
                            "root_block_device.0.delete_on_termination": "true",
                            "root_block_device.0.iops": "120",
                            "root_block_device.0.volume_id": "vol-006c8b8ec0bb1ad4d",
                            "root_block_device.0.volume_size": "40",
                            "root_block_device.0.volume_type": "gp2",
                            "security_groups.#": "1",
                            "security_groups.1553106271": "sg_prototype",
                            "source_dest_check": "true",
                            "subnet_id": "subnet-601c7028",
                            "tags.%": "0",
                            "tenancy": "default",
                            "volume_tags.%": "0",
                            "vpc_security_group_ids.#": "1",
                            "vpc_security_group_ids.1470724325": "sg-0955c252c4f4351f8"
                        },
                        "meta": {
                            "e2bfb730-ecaa-11e6-8f88-34363bc7c4c0": {
                                "create": 600000000000,
                                "delete": 1200000000000,
                                "update": 600000000000
                            },
                            "schema_version": "1"
                        },
                        "tainted": false
                    },
                    "deposed": [],
                    "provider": "provider.aws"
                },
                "aws_route53_record.p01": {
                    "type": "aws_route53_record",
                    "depends_on": [
                        "aws_eip.prototype01",
                        "data.aws_route53_zone.cloud"
                    ],
                    "primary": {
                        "id": "Z3ASU4I001150V_p01.power-blox.cloud._A",
                        "attributes": {
                            "allow_overwrite": "true",
                            "fqdn": "p01.power-blox.cloud",
                            "id": "Z3ASU4I001150V_p01.power-blox.cloud._A",
                            "name": "p01.power-blox.cloud",
                            "records.#": "1",
                            "records.248116394": "18.203.120.122",
                            "ttl": "300",
                            "type": "A",
                            "zone_id": "Z3ASU4I001150V"
                        },
                        "meta": {
                            "schema_version": "2"
                        },
                        "tainted": false
                    },
                    "deposed": [],
                    "provider": "provider.aws"
                },
                "data.aws_route53_zone.cloud": {
                    "type": "aws_route53_zone",
                    "depends_on": [],
                    "primary": {
                        "id": "Z3ASU4I001150V",
                        "attributes": {
                            "caller_reference": "RISWorkflow-RD:3e06b3e6-d66e-4157-bbea-52a9fe62b17a",
                            "comment": "HostedZone created by Route53 Registrar",
                            "id": "Z3ASU4I001150V",
                            "name": "power-blox.cloud.",
                            "name_servers.#": "4",
                            "name_servers.0": "ns-1296.awsdns-34.org",
                            "name_servers.1": "ns-1590.awsdns-06.co.uk",
                            "name_servers.2": "ns-491.awsdns-61.com",
                            "name_servers.3": "ns-866.awsdns-44.net",
                            "private_zone": "false",
                            "resource_record_set_count": "2",
                            "zone_id": "Z3ASU4I001150V"
                        },
                        "meta": {},
                        "tainted": false
                    },
                    "deposed": [],
                    "provider": "provider.aws"
                },
                "data.aws_security_group.prototype": {
                    "type": "aws_security_group",
                    "depends_on": [],
                    "primary": {
                        "id": "sg-0955c252c4f4351f8",
                        "attributes": {
                            "arn": "arn:aws:ec2:eu-west-1:648039538347:security-group/sg-0955c252c4f4351f8",
                            "description": "sg_prototype created 2018-10-18T15:24:15.544+01:00",
                            "id": "sg-0955c252c4f4351f8",
                            "name": "sg_prototype",
                            "tags.%": "0",
                            "vpc_id": "vpc-0e9aba68"
                        },
                        "meta": {},
                        "tainted": false
                    },
                    "deposed": [],
                    "provider": "provider.aws"
                }
            },
            "depends_on": []
        }
    ]
}
