{
    "version": 3,
    "terraform_version": "0.11.10",
    "serial": 26,
    "lineage": "92de46b3-530d-c53f-1ad5-4eceb9732271",
    "modules": [
        {
            "path": [
                "root"
            ],
            "outputs": {},
            "resources": {
                "data.template_file.frontend_exports": {
                    "type": "template_file",
                    "depends_on": [
                        "module.apigw",
                        "module.auth"
                    ],
                    "primary": {
                        "id": "4aa3726a2f480f77024d7a90ea52253b09b375df3fcc8f019bbe80fd70bf7c47",
                        "attributes": {
                            "id": "4aa3726a2f480f77024d7a90ea52253b09b375df3fcc8f019bbe80fd70bf7c47",
                            "rendered": "// this file is generated automatically by terraform, don't change it\nexport default {\n  region: 'eu-west-1',\n  userPoolId: 'eu-west-1_iPUYXLZ3L',\n  userPoolWebClientId: '5mef3066aqmst4m5oj9gvip234',\n  endpoint: 'https://pdbi2eofs7.execute-api.eu-west-1.amazonaws.com/dev',\n};\n",
                            "template": "// this file is generated automatically by terraform, don't change it\nexport default {\n  region: '${region}',\n  userPoolId: '${userPoolId}',\n  userPoolWebClientId: '${userPoolWebClientId}',\n  endpoint: '${apigw_endpoint}',\n};\n",
                            "vars.%": "4",
                            "vars.apigw_endpoint": "https://pdbi2eofs7.execute-api.eu-west-1.amazonaws.com/dev",
                            "vars.region": "eu-west-1",
                            "vars.userPoolId": "eu-west-1_iPUYXLZ3L",
                            "vars.userPoolWebClientId": "5mef3066aqmst4m5oj9gvip234"
                        },
                        "meta": {},
                        "tainted": false
                    },
                    "deposed": [],
                    "provider": "provider.template"
                },
                "local_file.frontend_exports": {
                    "type": "local_file",
                    "depends_on": [
                        "data.template_file.frontend_exports"
                    ],
                    "primary": {
                        "id": "bd7a3f83e4ef3f901559714acd4a67200c3d27b1",
                        "attributes": {
                            "content": "// this file is generated automatically by terraform, don't change it\nexport default {\n  region: 'eu-west-1',\n  userPoolId: 'eu-west-1_iPUYXLZ3L',\n  userPoolWebClientId: '5mef3066aqmst4m5oj9gvip234',\n  endpoint: 'https://pdbi2eofs7.execute-api.eu-west-1.amazonaws.com/dev',\n};\n",
                            "filename": "/Users/alisithomas/Playground/Tom/power-blox-setup/infrastructure/../frontend/readings/src/aws-resources.dev.js",
                            "id": "bd7a3f83e4ef3f901559714acd4a67200c3d27b1"
                        },
                        "meta": {},
                        "tainted": false
                    },
                    "deposed": [],
                    "provider": "provider.local"
                }
            },
            "depends_on": []
        },
        {
            "path": [
                "root",
                "api"
            ],
            "outputs": {
                "lambda_readings_arn": {
                    "sensitive": false,
                    "type": "string",
                    "value": "arn:aws:lambda:eu-west-1:648039538347:function:power-blox-device-readings"
                }
            },
            "resources": {
                "aws_iam_policy._": {
                    "type": "aws_iam_policy",
                    "depends_on": [
                        "data.template_file.lambda_iam_policy"
                    ],
                    "primary": {
                        "id": "arn:aws:iam::648039538347:policy/power-blox-api-lambda",
                        "attributes": {
                            "arn": "arn:aws:iam::648039538347:policy/power-blox-api-lambda",
                            "description": "",
                            "id": "arn:aws:iam::648039538347:policy/power-blox-api-lambda",
                            "name": "power-blox-api-lambda",
                            "path": "/",
                            "policy": "{\n  \"Version\": \"2012-10-17\",\n  \"Statement\": [\n    {\n      \"Effect\": \"Allow\",\n      \"Action\": [\n        \"logs:CreateLogGroup\",\n        \"logs:CreateLogStream\",\n        \"logs:PutLogEvents\"\n      ],\n      \"Resource\": \"arn:aws:logs:*:*:*\"\n    },\n    {\n      \"Effect\": \"Allow\",\n      \"Action\": [\n          \"dynamodb:List*\",\n          \"dynamodb:DescribeReservedCapacity*\",\n          \"dynamodb:DescribeLimits\",\n          \"dynamodb:DescribeTimeToLive\"\n      ],\n      \"Resource\": \"*\"\n    },\n    {\n      \"Effect\": \"Allow\",\n      \"Action\": [\n          \"dynamodb:BatchGet*\",\n          \"dynamodb:DescribeStream\",\n          \"dynamodb:DescribeTable\",\n          \"dynamodb:Get*\",\n          \"dynamodb:Query\",\n          \"dynamodb:Scan\",\n          \"dynamodb:BatchWrite*\",\n          \"dynamodb:CreateTable\",\n          \"dynamodb:Delete*\",\n          \"dynamodb:Update*\",\n          \"dynamodb:PutItem\"\n      ],\n      \"Resource\": \"arn:aws:dynamodb:eu-west-1:648039538347:table/power-blox-device-readings\"\n    },\n    {\n      \"Effect\": \"Allow\",\n      \"Action\": [\"s3:ListBucket\"],\n      \"Resource\": [\"arn:aws:s3:::power-blox-device-readings-dev\"]\n    },\n    {\n      \"Effect\": \"Allow\",\n      \"Action\": [\n        \"s3:PutObject\",\n        \"s3:GetObject\",\n        \"s3:DeleteObject\"\n      ],\n      \"Resource\": [\"arn:aws:s3:::power-blox-device-readings-dev/*\"]\n    },\n    {\n      \"Effect\": \"Allow\",\n      \"Action\": [\n        \"ec2:CreateNetworkInterface\",\n        \"ec2:DescribeNetworkInterfaces\",\n        \"ec2:DetachNetworkInterface\",\n        \"ec2:DeleteNetworkInterface\"\n      ],\n      \"Resource\": [\"*\"]\n    },\n    {\n      \"Effect\": \"Allow\",\n      \"Action\": [\n          \"rds-db:connect\"\n      ],\n      \"Resource\": [\"arn:aws:rds:eu-west-1:648039538347:db:power-blox-dev/*\"]\n    }\n  ]\n}\n"
                        },
                        "meta": {},
                        "tainted": false
                    },
                    "deposed": [],
                    "provider": "provider.aws"
                },
                "aws_iam_policy_attachment._": {
                    "type": "aws_iam_policy_attachment",
                    "depends_on": [
                        "aws_iam_policy._",
                        "aws_iam_role._"
                    ],
                    "primary": {
                        "id": "power-blox-api-lambda",
                        "attributes": {
                            "groups.#": "0",
                            "id": "power-blox-api-lambda",
                            "name": "power-blox-api-lambda",
                            "policy_arn": "arn:aws:iam::648039538347:policy/power-blox-api-lambda",
                            "roles.#": "1",
                            "roles.1099230743": "power-blox-tf-lambda",
                            "users.#": "0"
                        },
                        "meta": {},
                        "tainted": false
                    },
                    "deposed": [],
                    "provider": "provider.aws"
                },
                "aws_iam_role._": {
                    "type": "aws_iam_role",
                    "depends_on": [],
                    "primary": {
                        "id": "power-blox-tf-lambda",
                        "attributes": {
                            "arn": "arn:aws:iam::648039538347:role/power-blox-tf-lambda",
                            "assume_role_policy": "{\"Version\":\"2012-10-17\",\"Statement\":[{\"Sid\":\"\",\"Effect\":\"Allow\",\"Principal\":{\"Service\":\"lambda.amazonaws.com\"},\"Action\":\"sts:AssumeRole\"}]}",
                            "create_date": "2018-10-30T10:01:53Z",
                            "description": "",
                            "force_detach_policies": "false",
                            "id": "power-blox-tf-lambda",
                            "max_session_duration": "3600",
                            "name": "power-blox-tf-lambda",
                            "path": "/",
                            "unique_id": "AROAIFXXHXUTTTNWQDM22"
                        },
                        "meta": {},
                        "tainted": false
                    },
                    "deposed": [],
                    "provider": "provider.aws"
                },
                "aws_lambda_function.readings": {
                    "type": "aws_lambda_function",
                    "depends_on": [
                        "aws_iam_policy_attachment._",
                        "aws_iam_role._",
                        "data.aws_security_group.default",
                        "data.aws_subnet_ids.all"
                    ],
                    "primary": {
                        "id": "power-blox-device-readings",
                        "attributes": {
                            "arn": "arn:aws:lambda:eu-west-1:648039538347:function:power-blox-device-readings",
                            "dead_letter_config.#": "0",
                            "description": "",
                            "environment.#": "1",
                            "environment.0.variables.%": "2",
                            "environment.0.variables.DYNAMODB_TABLE": "power-blox-device-readings",
                            "environment.0.variables.MYSQL_HOST": "power-blox-dev.cqhgu9pr1wh6.eu-west-1.rds.amazonaws.com:3306",
                            "filename": "lambda-readings.zip",
                            "function_name": "power-blox-device-readings",
                            "handler": "lambda.run",
                            "id": "power-blox-device-readings",
                            "invoke_arn": "arn:aws:apigateway:eu-west-1:lambda:path/2015-03-31/functions/arn:aws:lambda:eu-west-1:648039538347:function:power-blox-device-readings/invocations",
                            "kms_key_arn": "",
                            "last_modified": "2018-11-08T16:13:38.736+0000",
                            "memory_size": "128",
                            "publish": "true",
                            "qualified_arn": "arn:aws:lambda:eu-west-1:648039538347:function:power-blox-device-readings:5",
                            "reserved_concurrent_executions": "0",
                            "role": "arn:aws:iam::648039538347:role/power-blox-tf-lambda",
                            "runtime": "python3.6",
                            "source_code_hash": "IAb+sLoFEHfetjyd9nJyegZaH0ugvuuoIfw31T4A51I=",
                            "source_code_size": "6740751",
                            "tags.%": "0",
                            "timeout": "30",
                            "tracing_config.#": "1",
                            "tracing_config.0.mode": "PassThrough",
                            "version": "5",
                            "vpc_config.#": "1",
                            "vpc_config.0.security_group_ids.#": "1",
                            "vpc_config.0.security_group_ids.3845004230": "sg-78765807",
                            "vpc_config.0.subnet_ids.#": "3",
                            "vpc_config.0.subnet_ids.1727079137": "subnet-6c7be60a",
                            "vpc_config.0.subnet_ids.2487116304": "subnet-026db258",
                            "vpc_config.0.subnet_ids.3674024751": "subnet-601c7028",
                            "vpc_config.0.vpc_id": "vpc-0e9aba68"
                        },
                        "meta": {},
                        "tainted": false
                    },
                    "deposed": [],
                    "provider": "provider.aws"
                },
                "aws_lambda_permission.apigw_lambda": {
                    "type": "aws_lambda_permission",
                    "depends_on": [
                        "aws_lambda_function.readings"
                    ],
                    "primary": {
                        "id": "AllowExecutionFromAPIGateway",
                        "attributes": {
                            "action": "lambda:InvokeFunction",
                            "function_name": "arn:aws:lambda:eu-west-1:648039538347:function:power-blox-device-readings",
                            "id": "AllowExecutionFromAPIGateway",
                            "principal": "apigateway.amazonaws.com",
                            "qualifier": "",
                            "source_arn": "arn:aws:execute-api:eu-west-1:648039538347:pdbi2eofs7/*/*/*",
                            "statement_id": "AllowExecutionFromAPIGateway"
                        },
                        "meta": {},
                        "tainted": false
                    },
                    "deposed": [],
                    "provider": "provider.aws"
                },
                "data.aws_security_group.default": {
                    "type": "aws_security_group",
                    "depends_on": [
                        "data.aws_vpc.default"
                    ],
                    "primary": {
                        "id": "sg-78765807",
                        "attributes": {
                            "arn": "arn:aws:ec2:eu-west-1:648039538347:security-group/sg-78765807",
                            "description": "default VPC security group",
                            "id": "sg-78765807",
                            "name": "default",
                            "tags.%": "0",
                            "vpc_id": "vpc-0e9aba68"
                        },
                        "meta": {},
                        "tainted": false
                    },
                    "deposed": [],
                    "provider": "provider.aws"
                },
                "data.aws_subnet_ids.all": {
                    "type": "aws_subnet_ids",
                    "depends_on": [
                        "data.aws_vpc.default"
                    ],
                    "primary": {
                        "id": "vpc-0e9aba68",
                        "attributes": {
                            "id": "vpc-0e9aba68",
                            "ids.#": "3",
                            "ids.1727079137": "subnet-6c7be60a",
                            "ids.2487116304": "subnet-026db258",
                            "ids.3674024751": "subnet-601c7028",
                            "vpc_id": "vpc-0e9aba68"
                        },
                        "meta": {},
                        "tainted": false
                    },
                    "deposed": [],
                    "provider": "provider.aws"
                },
                "data.aws_vpc.default": {
                    "type": "aws_vpc",
                    "depends_on": [],
                    "primary": {
                        "id": "vpc-0e9aba68",
                        "attributes": {
                            "arn": "arn:aws:ec2:eu-west-1:648039538347:vpc/vpc-0e9aba68",
                            "cidr_block": "172.31.0.0/16",
                            "cidr_block_associations.#": "1",
                            "cidr_block_associations.0.association_id": "vpc-cidr-assoc-8280c8e9",
                            "cidr_block_associations.0.cidr_block": "172.31.0.0/16",
                            "cidr_block_associations.0.state": "associated",
                            "default": "true",
                            "dhcp_options_id": "dopt-8dc755eb",
                            "enable_dns_hostnames": "true",
                            "enable_dns_support": "true",
                            "id": "vpc-0e9aba68",
                            "instance_tenancy": "default",
                            "main_route_table_id": "rtb-11672d68",
                            "state": "available",
                            "tags.%": "0"
                        },
                        "meta": {},
                        "tainted": false
                    },
                    "deposed": [],
                    "provider": "provider.aws"
                },
                "data.template_file.lambda_iam_policy": {
                    "type": "template_file",
                    "depends_on": [],
                    "primary": {
                        "id": "ffb1d7e771efd2a237b453fbdd5766323f5159d294a8bd86b7f4734a5516d819",
                        "attributes": {
                            "id": "ffb1d7e771efd2a237b453fbdd5766323f5159d294a8bd86b7f4734a5516d819",
                            "rendered": "{\n  \"Version\": \"2012-10-17\",\n  \"Statement\": [\n    {\n      \"Effect\": \"Allow\",\n      \"Action\": [\n        \"logs:CreateLogGroup\",\n        \"logs:CreateLogStream\",\n        \"logs:PutLogEvents\"\n      ],\n      \"Resource\": \"arn:aws:logs:*:*:*\"\n    },\n    {\n      \"Effect\": \"Allow\",\n      \"Action\": [\n          \"dynamodb:List*\",\n          \"dynamodb:DescribeReservedCapacity*\",\n          \"dynamodb:DescribeLimits\",\n          \"dynamodb:DescribeTimeToLive\"\n      ],\n      \"Resource\": \"*\"\n    },\n    {\n      \"Effect\": \"Allow\",\n      \"Action\": [\n          \"dynamodb:BatchGet*\",\n          \"dynamodb:DescribeStream\",\n          \"dynamodb:DescribeTable\",\n          \"dynamodb:Get*\",\n          \"dynamodb:Query\",\n          \"dynamodb:Scan\",\n          \"dynamodb:BatchWrite*\",\n          \"dynamodb:CreateTable\",\n          \"dynamodb:Delete*\",\n          \"dynamodb:Update*\",\n          \"dynamodb:PutItem\"\n      ],\n      \"Resource\": \"arn:aws:dynamodb:eu-west-1:648039538347:table/power-blox-device-readings\"\n    },\n    {\n      \"Effect\": \"Allow\",\n      \"Action\": [\"s3:ListBucket\"],\n      \"Resource\": [\"arn:aws:s3:::power-blox-device-readings-dev\"]\n    },\n    {\n      \"Effect\": \"Allow\",\n      \"Action\": [\n        \"s3:PutObject\",\n        \"s3:GetObject\",\n        \"s3:DeleteObject\"\n      ],\n      \"Resource\": [\"arn:aws:s3:::power-blox-device-readings-dev/*\"]\n    },\n    {\n      \"Effect\": \"Allow\",\n      \"Action\": [\n        \"ec2:CreateNetworkInterface\",\n        \"ec2:DescribeNetworkInterfaces\",\n        \"ec2:DetachNetworkInterface\",\n        \"ec2:DeleteNetworkInterface\"\n      ],\n      \"Resource\": [\"*\"]\n    },\n    {\n      \"Effect\": \"Allow\",\n      \"Action\": [\n          \"rds-db:connect\"\n      ],\n      \"Resource\": [\"arn:aws:rds:eu-west-1:648039538347:db:power-blox-dev/*\"]\n    }\n  ]\n}\n",
                            "template": "{\n  \"Version\": \"2012-10-17\",\n  \"Statement\": [\n    {\n      \"Effect\": \"Allow\",\n      \"Action\": [\n        \"logs:CreateLogGroup\",\n        \"logs:CreateLogStream\",\n        \"logs:PutLogEvents\"\n      ],\n      \"Resource\": \"arn:aws:logs:*:*:*\"\n    },\n    {\n      \"Effect\": \"Allow\",\n      \"Action\": [\n          \"dynamodb:List*\",\n          \"dynamodb:DescribeReservedCapacity*\",\n          \"dynamodb:DescribeLimits\",\n          \"dynamodb:DescribeTimeToLive\"\n      ],\n      \"Resource\": \"*\"\n    },\n    {\n      \"Effect\": \"Allow\",\n      \"Action\": [\n          \"dynamodb:BatchGet*\",\n          \"dynamodb:DescribeStream\",\n          \"dynamodb:DescribeTable\",\n          \"dynamodb:Get*\",\n          \"dynamodb:Query\",\n          \"dynamodb:Scan\",\n          \"dynamodb:BatchWrite*\",\n          \"dynamodb:CreateTable\",\n          \"dynamodb:Delete*\",\n          \"dynamodb:Update*\",\n          \"dynamodb:PutItem\"\n      ],\n      \"Resource\": \"${dynamodb_table_arn}\"\n    },\n    {\n      \"Effect\": \"Allow\",\n      \"Action\": [\"s3:ListBucket\"],\n      \"Resource\": [\"${s3_bucket_arn}\"]\n    },\n    {\n      \"Effect\": \"Allow\",\n      \"Action\": [\n        \"s3:PutObject\",\n        \"s3:GetObject\",\n        \"s3:DeleteObject\"\n      ],\n      \"Resource\": [\"${s3_bucket_arn}/*\"]\n    },\n    {\n      \"Effect\": \"Allow\",\n      \"Action\": [\n        \"ec2:CreateNetworkInterface\",\n        \"ec2:DescribeNetworkInterfaces\",\n        \"ec2:DetachNetworkInterface\",\n        \"ec2:DeleteNetworkInterface\"\n      ],\n      \"Resource\": [\"*\"]\n    },\n    {\n      \"Effect\": \"Allow\",\n      \"Action\": [\n          \"rds-db:connect\"\n      ],\n      \"Resource\": [\"${mysql_server_arn}/*\"]\n    }\n  ]\n}\n",
                            "vars.%": "3",
                            "vars.dynamodb_table_arn": "arn:aws:dynamodb:eu-west-1:648039538347:table/power-blox-device-readings",
                            "vars.mysql_server_arn": "arn:aws:rds:eu-west-1:648039538347:db:power-blox-dev",
                            "vars.s3_bucket_arn": "arn:aws:s3:::power-blox-device-readings-dev"
                        },
                        "meta": {},
                        "tainted": false
                    },
                    "deposed": [],
                    "provider": "provider.template"
                }
            },
            "depends_on": []
        },
        {
            "path": [
                "root",
                "apigw"
            ],
            "outputs": {
                "apigw_rest_api_exec_arn": {
                    "sensitive": false,
                    "type": "string",
                    "value": "arn:aws:execute-api:eu-west-1:648039538347:pdbi2eofs7"
                },
                "aws_api_gateway_deployment_url": {
                    "sensitive": false,
                    "type": "string",
                    "value": "https://pdbi2eofs7.execute-api.eu-west-1.amazonaws.com/dev"
                }
            },
            "resources": {
                "aws_api_gateway_authorizer._": {
                    "type": "aws_api_gateway_authorizer",
                    "depends_on": [
                        "aws_api_gateway_rest_api._"
                    ],
                    "primary": {
                        "id": "0vl8pi",
                        "attributes": {
                            "authorizer_credentials": "",
                            "authorizer_result_ttl_in_seconds": "0",
                            "authorizer_uri": "",
                            "id": "0vl8pi",
                            "identity_source": "method.request.header.Authorization",
                            "identity_validation_expression": "",
                            "name": "CognitoUserPoolAuthorizer",
                            "provider_arns.#": "1",
                            "provider_arns.48079184": "arn:aws:cognito-idp:eu-west-1:648039538347:userpool/eu-west-1_iPUYXLZ3L",
                            "rest_api_id": "pdbi2eofs7",
                            "type": "COGNITO_USER_POOLS"
                        },
                        "meta": {},
                        "tainted": false
                    },
                    "deposed": [],
                    "provider": "provider.aws"
                },
                "aws_api_gateway_base_path_mapping._": {
                    "type": "aws_api_gateway_base_path_mapping",
                    "depends_on": [
                        "aws_api_gateway_deployment._",
                        "aws_api_gateway_domain_name._",
                        "aws_api_gateway_rest_api._"
                    ],
                    "primary": {
                        "id": "api.power-blox.cloud/",
                        "attributes": {
                            "api_id": "pdbi2eofs7",
                            "base_path": "",
                            "domain_name": "api.power-blox.cloud",
                            "id": "api.power-blox.cloud/",
                            "stage_name": "dev"
                        },
                        "meta": {},
                        "tainted": false
                    },
                    "deposed": [],
                    "provider": "provider.aws"
                },
                "aws_api_gateway_deployment._": {
                    "type": "aws_api_gateway_deployment",
                    "depends_on": [],
                    "primary": {
                        "id": "jpgoye",
                        "attributes": {
                            "created_date": "2018-11-08T18:36:30Z",
                            "description": "",
                            "execution_arn": "arn:aws:execute-api:eu-west-1:648039538347:pdbi2eofs7/dev",
                            "id": "jpgoye",
                            "invoke_url": "https://pdbi2eofs7.execute-api.eu-west-1.amazonaws.com/dev",
                            "rest_api_id": "pdbi2eofs7",
                            "stage_description": "ddf2555ebe4b8c578e45a0141e9aa7bb",
                            "stage_name": "dev"
                        },
                        "meta": {},
                        "tainted": false
                    },
                    "deposed": [],
                    "provider": "provider.aws"
                },
                "aws_api_gateway_domain_name._": {
                    "type": "aws_api_gateway_domain_name",
                    "depends_on": [
                        "data.aws_acm_certificate.api"
                    ],
                    "primary": {
                        "id": "api.power-blox.cloud",
                        "attributes": {
                            "certificate_arn": "arn:aws:acm:us-east-1:648039538347:certificate/931e7467-ec74-458c-aee7-770d98adbacc",
                            "certificate_name": "",
                            "certificate_upload_date": "2018-11-05T19:05:37Z",
                            "cloudfront_domain_name": "dgqdquf6pl4w2.cloudfront.net",
                            "cloudfront_zone_id": "Z2FDTNDATAQYW2",
                            "domain_name": "api.power-blox.cloud",
                            "endpoint_configuration.#": "1",
                            "endpoint_configuration.0.types.#": "1",
                            "endpoint_configuration.0.types.0": "EDGE",
                            "id": "api.power-blox.cloud",
                            "regional_certificate_arn": "",
                            "regional_certificate_name": "",
                            "regional_domain_name": "",
                            "regional_zone_id": ""
                        },
                        "meta": {},
                        "tainted": false
                    },
                    "deposed": [],
                    "provider": "provider.aws"
                },
                "aws_api_gateway_integration._": {
                    "type": "aws_api_gateway_integration",
                    "depends_on": [
                        "aws_api_gateway_method.any",
                        "aws_api_gateway_resource.proxy",
                        "aws_api_gateway_rest_api._"
                    ],
                    "primary": {
                        "id": "agi-pdbi2eofs7-9bg3n3-ANY",
                        "attributes": {
                            "cache_key_parameters.#": "0",
                            "cache_namespace": "9bg3n3",
                            "connection_id": "",
                            "connection_type": "INTERNET",
                            "content_handling": "",
                            "credentials": "",
                            "http_method": "ANY",
                            "id": "agi-pdbi2eofs7-9bg3n3-ANY",
                            "integration_http_method": "POST",
                            "passthrough_behavior": "WHEN_NO_MATCH",
                            "request_parameters.%": "0",
                            "request_templates.%": "0",
                            "resource_id": "9bg3n3",
                            "rest_api_id": "pdbi2eofs7",
                            "timeout_milliseconds": "29000",
                            "type": "AWS_PROXY",
                            "uri": "arn:aws:apigateway:eu-west-1:lambda:path/2015-03-31/functions/arn:aws:lambda:eu-west-1:648039538347:function:power-blox-device-readings/invocations"
                        },
                        "meta": {},
                        "tainted": false
                    },
                    "deposed": [],
                    "provider": "provider.aws"
                },
                "aws_api_gateway_method.any": {
                    "type": "aws_api_gateway_method",
                    "depends_on": [
                        "aws_api_gateway_authorizer._",
                        "aws_api_gateway_resource.proxy",
                        "aws_api_gateway_rest_api._"
                    ],
                    "primary": {
                        "id": "agm-pdbi2eofs7-9bg3n3-ANY",
                        "attributes": {
                            "api_key_required": "false",
                            "authorization": "COGNITO_USER_POOLS",
                            "authorization_scopes.#": "0",
                            "authorizer_id": "0vl8pi",
                            "http_method": "ANY",
                            "id": "agm-pdbi2eofs7-9bg3n3-ANY",
                            "request_models.%": "0",
                            "request_parameters.%": "1",
                            "request_parameters.method.request.path.proxy": "true",
                            "request_validator_id": "",
                            "resource_id": "9bg3n3",
                            "rest_api_id": "pdbi2eofs7"
                        },
                        "meta": {},
                        "tainted": false
                    },
                    "deposed": [],
                    "provider": "provider.aws"
                },
                "aws_api_gateway_resource.proxy": {
                    "type": "aws_api_gateway_resource",
                    "depends_on": [
                        "aws_api_gateway_rest_api._"
                    ],
                    "primary": {
                        "id": "9bg3n3",
                        "attributes": {
                            "id": "9bg3n3",
                            "parent_id": "ida38sbzyi",
                            "path": "/{proxy+}",
                            "path_part": "{proxy+}",
                            "rest_api_id": "pdbi2eofs7"
                        },
                        "meta": {},
                        "tainted": false
                    },
                    "deposed": [],
                    "provider": "provider.aws"
                },
                "aws_api_gateway_rest_api._": {
                    "type": "aws_api_gateway_rest_api",
                    "depends_on": [],
                    "primary": {
                        "id": "pdbi2eofs7",
                        "attributes": {
                            "api_key_source": "HEADER",
                            "binary_media_types.#": "0",
                            "created_date": "2018-10-30T10:01:52Z",
                            "description": "Proxy API with Cognito Authentication",
                            "endpoint_configuration.#": "1",
                            "endpoint_configuration.0.types.#": "1",
                            "endpoint_configuration.0.types.0": "EDGE",
                            "execution_arn": "arn:aws:execute-api:eu-west-1:648039538347:pdbi2eofs7",
                            "id": "pdbi2eofs7",
                            "minimum_compression_size": "-1",
                            "name": "power-blox-device-api",
                            "policy": "",
                            "root_resource_id": "ida38sbzyi"
                        },
                        "meta": {},
                        "tainted": false
                    },
                    "deposed": [],
                    "provider": "provider.aws"
                },
                "aws_route53_record._": {
                    "type": "aws_route53_record",
                    "depends_on": [
                        "aws_api_gateway_domain_name._",
                        "data.aws_route53_zone._"
                    ],
                    "primary": {
                        "id": "Z3ASU4I001150V_api.power-blox.cloud_A",
                        "attributes": {
                            "alias.#": "1",
                            "alias.365830912.evaluate_target_health": "true",
                            "alias.365830912.name": "dgqdquf6pl4w2.cloudfront.net",
                            "alias.365830912.zone_id": "Z2FDTNDATAQYW2",
                            "allow_overwrite": "true",
                            "fqdn": "api.power-blox.cloud",
                            "health_check_id": "",
                            "id": "Z3ASU4I001150V_api.power-blox.cloud_A",
                            "name": "api.power-blox.cloud",
                            "records.#": "0",
                            "set_identifier": "",
                            "ttl": "0",
                            "type": "A",
                            "zone_id": "Z3ASU4I001150V"
                        },
                        "meta": {
                            "schema_version": "2"
                        },
                        "tainted": false
                    },
                    "deposed": [],
                    "provider": "provider.aws"
                },
                "data.aws_acm_certificate.api": {
                    "type": "aws_acm_certificate",
                    "depends_on": [],
                    "primary": {
                        "id": "2018-11-08 18:55:50.297128 +0000 UTC",
                        "attributes": {
                            "arn": "arn:aws:acm:us-east-1:648039538347:certificate/931e7467-ec74-458c-aee7-770d98adbacc",
                            "domain": "api.power-blox.cloud",
                            "id": "2018-11-08 18:55:50.297128 +0000 UTC",
                            "most_recent": "false",
                            "statuses.#": "1",
                            "statuses.0": "ISSUED"
                        },
                        "meta": {},
                        "tainted": false
                    },
                    "deposed": [],
                    "provider": "provider.aws.useast1"
                },
                "data.aws_route53_zone._": {
                    "type": "aws_route53_zone",
                    "depends_on": [],
                    "primary": {
                        "id": "Z3ASU4I001150V",
                        "attributes": {
                            "caller_reference": "RISWorkflow-RD:3e06b3e6-d66e-4157-bbea-52a9fe62b17a",
                            "comment": "HostedZone created by Route53 Registrar",
                            "id": "Z3ASU4I001150V",
                            "name": "power-blox.cloud.",
                            "name_servers.#": "4",
                            "name_servers.0": "ns-1296.awsdns-34.org",
                            "name_servers.1": "ns-1590.awsdns-06.co.uk",
                            "name_servers.2": "ns-491.awsdns-61.com",
                            "name_servers.3": "ns-866.awsdns-44.net",
                            "private_zone": "false",
                            "resource_record_set_count": "5",
                            "zone_id": "Z3ASU4I001150V"
                        },
                        "meta": {},
                        "tainted": false
                    },
                    "deposed": [],
                    "provider": "provider.aws"
                }
            },
            "depends_on": []
        },
        {
            "path": [
                "root",
                "auth"
            ],
            "outputs": {
                "cognito_identity_pool_id": {
                    "sensitive": false,
                    "type": "string",
                    "value": "eu-west-1:19ffe2c8-6798-4f1f-ad1a-1a1367aef28c"
                },
                "cognito_user_pool_arn": {
                    "sensitive": false,
                    "type": "string",
                    "value": "arn:aws:cognito-idp:eu-west-1:648039538347:userpool/eu-west-1_iPUYXLZ3L"
                },
                "cognito_user_pool_client_id": {
                    "sensitive": false,
                    "type": "string",
                    "value": "5mef3066aqmst4m5oj9gvip234"
                },
                "cognito_user_pool_id": {
                    "sensitive": false,
                    "type": "string",
                    "value": "eu-west-1_iPUYXLZ3L"
                }
            },
            "resources": {
                "aws_cognito_identity_pool._": {
                    "type": "aws_cognito_identity_pool",
                    "depends_on": [
                        "aws_cognito_user_pool._",
                        "aws_cognito_user_pool_client._"
                    ],
                    "primary": {
                        "id": "eu-west-1:19ffe2c8-6798-4f1f-ad1a-1a1367aef28c",
                        "attributes": {
                            "allow_unauthenticated_identities": "false",
                            "arn": "arn:aws:cognito-identity:eu-west-1:648039538347:identitypool/eu-west-1:19ffe2c8-6798-4f1f-ad1a-1a1367aef28c",
                            "cognito_identity_providers.#": "1",
                            "cognito_identity_providers.1954738363.client_id": "5mef3066aqmst4m5oj9gvip234",
                            "cognito_identity_providers.1954738363.provider_name": "cognito-idp.eu-west-1.amazonaws.com/eu-west-1_iPUYXLZ3L",
                            "cognito_identity_providers.1954738363.server_side_token_check": "true",
                            "developer_provider_name": "power-blox.cloud",
                            "id": "eu-west-1:19ffe2c8-6798-4f1f-ad1a-1a1367aef28c",
                            "identity_pool_name": "webapp",
                            "openid_connect_provider_arns.#": "0",
                            "saml_provider_arns.#": "0",
                            "supported_login_providers.%": "0"
                        },
                        "meta": {},
                        "tainted": false
                    },
                    "deposed": [],
                    "provider": "provider.aws"
                },
                "aws_cognito_identity_pool_roles_attachment._": {
                    "type": "aws_cognito_identity_pool_roles_attachment",
                    "depends_on": [
                        "aws_cognito_identity_pool._",
                        "aws_iam_role.cognito"
                    ],
                    "primary": {
                        "id": "eu-west-1:19ffe2c8-6798-4f1f-ad1a-1a1367aef28c",
                        "attributes": {
                            "id": "eu-west-1:19ffe2c8-6798-4f1f-ad1a-1a1367aef28c",
                            "identity_pool_id": "eu-west-1:19ffe2c8-6798-4f1f-ad1a-1a1367aef28c",
                            "role_mapping.#": "0",
                            "roles.%": "1",
                            "roles.authenticated": "arn:aws:iam::648039538347:role/power-blox-tf-cognito"
                        },
                        "meta": {},
                        "tainted": false
                    },
                    "deposed": [],
                    "provider": "provider.aws"
                },
                "aws_cognito_user_pool._": {
                    "type": "aws_cognito_user_pool",
                    "depends_on": [],
                    "primary": {
                        "id": "eu-west-1_iPUYXLZ3L",
                        "attributes": {
                            "admin_create_user_config.#": "1",
                            "admin_create_user_config.0.allow_admin_create_user_only": "false",
                            "admin_create_user_config.0.invite_message_template.#": "0",
                            "admin_create_user_config.0.unused_account_validity_days": "7",
                            "alias_attributes.#": "2",
                            "alias_attributes.1888159429": "preferred_username",
                            "alias_attributes.881205744": "email",
                            "arn": "arn:aws:cognito-idp:eu-west-1:648039538347:userpool/eu-west-1_iPUYXLZ3L",
                            "auto_verified_attributes.#": "0",
                            "creation_date": "2018-10-30T10:01:54Z",
                            "device_configuration.#": "0",
                            "email_configuration.#": "0",
                            "endpoint": "cognito-idp.eu-west-1.amazonaws.com/eu-west-1_iPUYXLZ3L",
                            "id": "eu-west-1_iPUYXLZ3L",
                            "lambda_config.#": "0",
                            "last_modified_date": "2018-10-30T10:01:54Z",
                            "mfa_configuration": "OFF",
                            "name": "power-blox",
                            "password_policy.#": "1",
                            "password_policy.0.minimum_length": "8",
                            "password_policy.0.require_lowercase": "true",
                            "password_policy.0.require_numbers": "true",
                            "password_policy.0.require_symbols": "true",
                            "password_policy.0.require_uppercase": "true",
                            "schema.#": "1",
                            "schema.2876370433.attribute_data_type": "String",
                            "schema.2876370433.developer_only_attribute": "false",
                            "schema.2876370433.mutable": "false",
                            "schema.2876370433.name": "email",
                            "schema.2876370433.number_attribute_constraints.#": "0",
                            "schema.2876370433.required": "true",
                            "schema.2876370433.string_attribute_constraints.#": "1",
                            "schema.2876370433.string_attribute_constraints.0.max_length": "2048",
                            "schema.2876370433.string_attribute_constraints.0.min_length": "0",
                            "sms_configuration.#": "0",
                            "tags.%": "0",
                            "verification_message_template.#": "1",
                            "verification_message_template.0.default_email_option": "CONFIRM_WITH_CODE",
                            "verification_message_template.0.email_message": "",
                            "verification_message_template.0.email_message_by_link": "",
                            "verification_message_template.0.email_subject": "",
                            "verification_message_template.0.email_subject_by_link": "",
                            "verification_message_template.0.sms_message": ""
                        },
                        "meta": {},
                        "tainted": false
                    },
                    "deposed": [],
                    "provider": "provider.aws"
                },
                "aws_cognito_user_pool_client._": {
                    "type": "aws_cognito_user_pool_client",
                    "depends_on": [
                        "aws_cognito_user_pool._"
                    ],
                    "primary": {
                        "id": "5mef3066aqmst4m5oj9gvip234",
                        "attributes": {
                            "allowed_oauth_flows.#": "0",
                            "allowed_oauth_flows_user_pool_client": "false",
                            "allowed_oauth_scopes.#": "0",
                            "callback_urls.#": "0",
                            "client_secret": "",
                            "default_redirect_uri": "",
                            "explicit_auth_flows.#": "2",
                            "explicit_auth_flows.1860959087": "USER_PASSWORD_AUTH",
                            "explicit_auth_flows.245201344": "ADMIN_NO_SRP_AUTH",
                            "generate_secret": "false",
                            "id": "5mef3066aqmst4m5oj9gvip234",
                            "logout_urls.#": "0",
                            "name": "power-blox",
                            "read_attributes.#": "0",
                            "refresh_token_validity": "30",
                            "supported_identity_providers.#": "0",
                            "user_pool_id": "eu-west-1_iPUYXLZ3L",
                            "write_attributes.#": "0"
                        },
                        "meta": {},
                        "tainted": false
                    },
                    "deposed": [],
                    "provider": "provider.aws"
                },
                "aws_iam_role.cognito": {
                    "type": "aws_iam_role",
                    "depends_on": [
                        "aws_cognito_identity_pool._"
                    ],
                    "primary": {
                        "id": "power-blox-tf-cognito",
                        "attributes": {
                            "arn": "arn:aws:iam::648039538347:role/power-blox-tf-cognito",
                            "assume_role_policy": "{\"Version\":\"2012-10-17\",\"Statement\":[{\"Effect\":\"Allow\",\"Principal\":{\"Federated\":\"cognito-identity.amazonaws.com\"},\"Action\":\"sts:AssumeRoleWithWebIdentity\",\"Condition\":{\"StringEquals\":{\"cognito-identity.amazonaws.com:aud\":\"eu-west-1:19ffe2c8-6798-4f1f-ad1a-1a1367aef28c\"},\"ForAnyValue:StringLike\":{\"cognito-identity.amazonaws.com:amr\":\"authenticated\"}}}]}",
                            "create_date": "2018-10-30T10:01:55Z",
                            "description": "",
                            "force_detach_policies": "false",
                            "id": "power-blox-tf-cognito",
                            "max_session_duration": "3600",
                            "name": "power-blox-tf-cognito",
                            "path": "/",
                            "unique_id": "AROAJQWXBSABRMXYRYE6G"
                        },
                        "meta": {},
                        "tainted": false
                    },
                    "deposed": [],
                    "provider": "provider.aws"
                }
            },
            "depends_on": []
        },
        {
            "path": [
                "root",
                "db"
            ],
            "outputs": {
                "dynamodb_table_readings_arn": {
                    "sensitive": false,
                    "type": "string",
                    "value": "arn:aws:dynamodb:eu-west-1:648039538347:table/power-blox-device-readings"
                },
                "dynamodb_table_readings_name": {
                    "sensitive": false,
                    "type": "string",
                    "value": "power-blox-device-readings"
                },
                "mysql_server_arn": {
                    "sensitive": false,
                    "type": "string",
                    "value": "arn:aws:rds:eu-west-1:648039538347:db:power-blox-dev"
                },
                "mysql_server_endpoint": {
                    "sensitive": false,
                    "type": "string",
                    "value": "power-blox-dev.cqhgu9pr1wh6.eu-west-1.rds.amazonaws.com:3306"
                }
            },
            "resources": {
                "aws_dynamodb_table.readings": {
                    "type": "aws_dynamodb_table",
                    "depends_on": [],
                    "primary": {
                        "id": "power-blox-device-readings",
                        "attributes": {
                            "arn": "arn:aws:dynamodb:eu-west-1:648039538347:table/power-blox-device-readings",
                            "attribute.#": "2",
                            "attribute.3025149388.name": "DeviceId",
                            "attribute.3025149388.type": "S",
                            "attribute.3398806604.name": "ReadingRange",
                            "attribute.3398806604.type": "S",
                            "global_secondary_index.#": "0",
                            "hash_key": "DeviceId",
                            "id": "power-blox-device-readings",
                            "local_secondary_index.#": "0",
                            "name": "power-blox-device-readings",
                            "point_in_time_recovery.#": "1",
                            "point_in_time_recovery.0.enabled": "false",
                            "range_key": "ReadingRange",
                            "read_capacity": "20",
                            "server_side_encryption.#": "0",
                            "stream_arn": "",
                            "stream_enabled": "false",
                            "stream_label": "",
                            "stream_view_type": "",
                            "tags.%": "1",
                            "tags.Name": "dynamodb-device-readings",
                            "ttl.#": "0",
                            "write_capacity": "20"
                        },
                        "meta": {
                            "e2bfb730-ecaa-11e6-8f88-34363bc7c4c0": {
                                "create": 600000000000,
                                "delete": 600000000000,
                                "update": 600000000000
                            },
                            "schema_version": "1"
                        },
                        "tainted": false
                    },
                    "deposed": [],
                    "provider": "provider.aws"
                },
                "data.aws_security_group.default": {
                    "type": "aws_security_group",
                    "depends_on": [
                        "data.aws_vpc.default"
                    ],
                    "primary": {
                        "id": "sg-78765807",
                        "attributes": {
                            "arn": "arn:aws:ec2:eu-west-1:648039538347:security-group/sg-78765807",
                            "description": "default VPC security group",
                            "id": "sg-78765807",
                            "name": "default",
                            "tags.%": "0",
                            "vpc_id": "vpc-0e9aba68"
                        },
                        "meta": {},
                        "tainted": false
                    },
                    "deposed": [],
                    "provider": "provider.aws"
                },
                "data.aws_security_group.prototype": {
                    "type": "aws_security_group",
                    "depends_on": [],
                    "primary": {
                        "id": "sg-0955c252c4f4351f8",
                        "attributes": {
                            "arn": "arn:aws:ec2:eu-west-1:648039538347:security-group/sg-0955c252c4f4351f8",
                            "description": "sg_prototype created 2018-10-18T15:24:15.544+01:00",
                            "id": "sg-0955c252c4f4351f8",
                            "name": "sg_prototype",
                            "tags.%": "0",
                            "vpc_id": "vpc-0e9aba68"
                        },
                        "meta": {},
                        "tainted": false
                    },
                    "deposed": [],
                    "provider": "provider.aws"
                },
                "data.aws_subnet_ids.all": {
                    "type": "aws_subnet_ids",
                    "depends_on": [
                        "data.aws_vpc.default"
                    ],
                    "primary": {
                        "id": "vpc-0e9aba68",
                        "attributes": {
                            "id": "vpc-0e9aba68",
                            "ids.#": "3",
                            "ids.1727079137": "subnet-6c7be60a",
                            "ids.2487116304": "subnet-026db258",
                            "ids.3674024751": "subnet-601c7028",
                            "vpc_id": "vpc-0e9aba68"
                        },
                        "meta": {},
                        "tainted": false
                    },
                    "deposed": [],
                    "provider": "provider.aws"
                },
                "data.aws_vpc.default": {
                    "type": "aws_vpc",
                    "depends_on": [],
                    "primary": {
                        "id": "vpc-0e9aba68",
                        "attributes": {
                            "arn": "arn:aws:ec2:eu-west-1:648039538347:vpc/vpc-0e9aba68",
                            "cidr_block": "172.31.0.0/16",
                            "cidr_block_associations.#": "1",
                            "cidr_block_associations.0.association_id": "vpc-cidr-assoc-8280c8e9",
                            "cidr_block_associations.0.cidr_block": "172.31.0.0/16",
                            "cidr_block_associations.0.state": "associated",
                            "default": "true",
                            "dhcp_options_id": "dopt-8dc755eb",
                            "enable_dns_hostnames": "true",
                            "enable_dns_support": "true",
                            "id": "vpc-0e9aba68",
                            "instance_tenancy": "default",
                            "main_route_table_id": "rtb-11672d68",
                            "state": "available",
                            "tags.%": "0"
                        },
                        "meta": {},
                        "tainted": false
                    },
                    "deposed": [],
                    "provider": "provider.aws"
                }
            },
            "depends_on": []
        },
        {
            "path": [
                "root",
                "prototype"
            ],
            "outputs": {},
            "resources": {
                "aws_eip._": {
                    "type": "aws_eip",
                    "depends_on": [
                        "aws_instance._"
                    ],
                    "primary": {
                        "id": "eipalloc-00ec4306ea95cf2ff",
                        "attributes": {
                            "association_id": "eipassoc-00aaf4c3b146d800a",
                            "domain": "vpc",
                            "id": "eipalloc-00ec4306ea95cf2ff",
                            "instance": "i-072b0269f2baae3ce",
                            "network_interface": "eni-0fca482d047d87df4",
                            "private_ip": "172.31.30.35",
                            "public_ip": "63.32.15.244",
                            "tags.%": "0",
                            "vpc": "true"
                        },
                        "meta": {
                            "e2bfb730-ecaa-11e6-8f88-34363bc7c4c0": {
                                "delete": 180000000000,
                                "read": 900000000000,
                                "update": 300000000000
                            }
                        },
                        "tainted": false
                    },
                    "deposed": [],
                    "provider": "provider.aws"
                },
                "aws_iam_instance_profile.prototype": {
                    "type": "aws_iam_instance_profile",
                    "depends_on": [
                        "data.aws_iam_role._"
                    ],
                    "primary": {
                        "id": "prototype_profile",
                        "attributes": {
                            "arn": "arn:aws:iam::648039538347:instance-profile/prototype_profile",
                            "create_date": "2018-10-31T16:27:24Z",
                            "id": "prototype_profile",
                            "name": "prototype_profile",
                            "path": "/",
                            "role": "prototype",
                            "roles.#": "1",
                            "roles.2741656292": "prototype",
                            "unique_id": "AIPAIG5PJJXCBCHFHRM4S"
                        },
                        "meta": {},
                        "tainted": false
                    },
                    "deposed": [],
                    "provider": "provider.aws"
                },
                "aws_instance._": {
                    "type": "aws_instance",
                    "depends_on": [
                        "aws_iam_instance_profile.prototype",
                        "data.aws_security_group._"
                    ],
                    "primary": {
                        "id": "i-072b0269f2baae3ce",
                        "attributes": {
                            "ami": "ami-0192f8607f1b79f80",
                            "arn": "arn:aws:ec2:eu-west-1:648039538347:instance/i-072b0269f2baae3ce",
                            "associate_public_ip_address": "true",
                            "availability_zone": "eu-west-1b",
                            "cpu_core_count": "1",
                            "cpu_threads_per_core": "1",
                            "credit_specification.#": "1",
                            "credit_specification.0.cpu_credits": "standard",
                            "disable_api_termination": "false",
                            "ebs_block_device.#": "0",
                            "ebs_optimized": "false",
                            "ephemeral_block_device.#": "0",
                            "get_password_data": "false",
                            "iam_instance_profile": "prototype_profile",
                            "id": "i-072b0269f2baae3ce",
                            "instance_state": "running",
                            "instance_type": "t2.micro",
                            "ipv6_addresses.#": "0",
                            "key_name": "prototype",
                            "monitoring": "false",
                            "network_interface.#": "0",
                            "network_interface_id": "eni-0fca482d047d87df4",
                            "password_data": "",
                            "placement_group": "",
                            "primary_network_interface_id": "eni-0fca482d047d87df4",
                            "private_dns": "ip-172-31-30-35.eu-west-1.compute.internal",
                            "private_ip": "172.31.30.35",
                            "public_dns": "ec2-63-32-15-244.eu-west-1.compute.amazonaws.com",
                            "public_ip": "63.32.15.244",
                            "root_block_device.#": "1",
                            "root_block_device.0.delete_on_termination": "true",
                            "root_block_device.0.iops": "120",
                            "root_block_device.0.volume_id": "vol-03370cf8a75f7cf71",
                            "root_block_device.0.volume_size": "40",
                            "root_block_device.0.volume_type": "gp2",
                            "security_groups.#": "1",
                            "security_groups.1553106271": "sg_prototype",
                            "source_dest_check": "true",
                            "subnet_id": "subnet-601c7028",
                            "tags.%": "1",
                            "tags.Name": "node-red prototype01",
                            "tenancy": "default",
                            "volume_tags.%": "0",
                            "vpc_security_group_ids.#": "1",
                            "vpc_security_group_ids.1470724325": "sg-0955c252c4f4351f8"
                        },
                        "meta": {
                            "e2bfb730-ecaa-11e6-8f88-34363bc7c4c0": {
                                "create": 600000000000,
                                "delete": 1200000000000,
                                "update": 600000000000
                            },
                            "schema_version": "1"
                        },
                        "tainted": false
                    },
                    "deposed": [],
                    "provider": "provider.aws"
                },
                "aws_route53_record.prototype01": {
                    "type": "aws_route53_record",
                    "depends_on": [
                        "aws_eip._",
                        "data.aws_route53_zone._"
                    ],
                    "primary": {
                        "id": "Z3ASU4I001150V_p01.power-blox.cloud._A",
                        "attributes": {
                            "allow_overwrite": "true",
                            "fqdn": "p01.power-blox.cloud",
                            "health_check_id": "",
                            "id": "Z3ASU4I001150V_p01.power-blox.cloud._A",
                            "name": "p01.power-blox.cloud",
                            "records.#": "1",
                            "records.1953541228": "63.32.15.244",
                            "set_identifier": "",
                            "ttl": "300",
                            "type": "A",
                            "zone_id": "Z3ASU4I001150V"
                        },
                        "meta": {
                            "schema_version": "2"
                        },
                        "tainted": false
                    },
                    "deposed": [],
                    "provider": "provider.aws"
                },
                "data.aws_iam_role._": {
                    "type": "aws_iam_role",
                    "depends_on": [],
                    "primary": {
                        "id": "prototype",
                        "attributes": {
                            "arn": "arn:aws:iam::648039538347:role/prototype",
                            "assume_role_policy": "{\"Version\":\"2012-10-17\",\"Statement\":[{\"Effect\":\"Allow\",\"Principal\":{\"Service\":\"ec2.amazonaws.com\"},\"Action\":\"sts:AssumeRole\"}]}",
                            "assume_role_policy_document": "{\"Version\":\"2012-10-17\",\"Statement\":[{\"Effect\":\"Allow\",\"Principal\":{\"Service\":\"ec2.amazonaws.com\"},\"Action\":\"sts:AssumeRole\"}]}",
                            "create_date": "2018-10-18T14:23:17Z",
                            "description": "Allows EC2 instances to call AWS services on your behalf.",
                            "id": "prototype",
                            "max_session_duration": "3600",
                            "name": "prototype",
                            "path": "/",
                            "permissions_boundary": "",
                            "role_id": "AROAJOUZ7CUZUSINO66HY",
                            "unique_id": "AROAJOUZ7CUZUSINO66HY"
                        },
                        "meta": {},
                        "tainted": false
                    },
                    "deposed": [],
                    "provider": "provider.aws"
                },
                "data.aws_route53_zone._": {
                    "type": "aws_route53_zone",
                    "depends_on": [],
                    "primary": {
                        "id": "Z3ASU4I001150V",
                        "attributes": {
                            "caller_reference": "RISWorkflow-RD:3e06b3e6-d66e-4157-bbea-52a9fe62b17a",
                            "comment": "HostedZone created by Route53 Registrar",
                            "id": "Z3ASU4I001150V",
                            "name": "power-blox.cloud.",
                            "name_servers.#": "4",
                            "name_servers.0": "ns-1296.awsdns-34.org",
                            "name_servers.1": "ns-1590.awsdns-06.co.uk",
                            "name_servers.2": "ns-491.awsdns-61.com",
                            "name_servers.3": "ns-866.awsdns-44.net",
                            "private_zone": "false",
                            "resource_record_set_count": "5",
                            "zone_id": "Z3ASU4I001150V"
                        },
                        "meta": {},
                        "tainted": false
                    },
                    "deposed": [],
                    "provider": "provider.aws"
                },
                "data.aws_security_group._": {
                    "type": "aws_security_group",
                    "depends_on": [],
                    "primary": {
                        "id": "sg-0955c252c4f4351f8",
                        "attributes": {
                            "arn": "arn:aws:ec2:eu-west-1:648039538347:security-group/sg-0955c252c4f4351f8",
                            "description": "sg_prototype created 2018-10-18T15:24:15.544+01:00",
                            "id": "sg-0955c252c4f4351f8",
                            "name": "sg_prototype",
                            "tags.%": "0",
                            "vpc_id": "vpc-0e9aba68"
                        },
                        "meta": {},
                        "tainted": false
                    },
                    "deposed": [],
                    "provider": "provider.aws"
                }
            },
            "depends_on": []
        },
        {
            "path": [
                "root",
                "storage"
            ],
            "outputs": {
                "s3_bucket_arn": {
                    "sensitive": false,
                    "type": "string",
                    "value": "arn:aws:s3:::power-blox-device-readings-dev"
                }
            },
            "resources": {
                "aws_s3_bucket.logging": {
                    "type": "aws_s3_bucket",
                    "depends_on": [],
                    "primary": {
                        "id": "power-blox-device-readings-dev-logs",
                        "attributes": {
                            "acceleration_status": "",
                            "acl": "log-delivery-write",
                            "arn": "arn:aws:s3:::power-blox-device-readings-dev-logs",
                            "bucket": "power-blox-device-readings-dev-logs",
                            "bucket_domain_name": "power-blox-device-readings-dev-logs.s3.amazonaws.com",
                            "bucket_regional_domain_name": "power-blox-device-readings-dev-logs.s3.eu-west-1.amazonaws.com",
                            "cors_rule.#": "0",
                            "force_destroy": "false",
                            "hosted_zone_id": "Z1BKCTXD74EZPE",
                            "id": "power-blox-device-readings-dev-logs",
                            "lifecycle_rule.#": "0",
                            "logging.#": "0",
                            "region": "eu-west-1",
                            "replication_configuration.#": "0",
                            "request_payer": "BucketOwner",
                            "server_side_encryption_configuration.#": "0",
                            "tags.%": "2",
                            "tags.Environment": "dev",
                            "tags.Name": "Logs for device readings dev",
                            "versioning.#": "1",
                            "versioning.0.enabled": "false",
                            "versioning.0.mfa_delete": "false",
                            "website.#": "0"
                        },
                        "meta": {},
                        "tainted": false
                    },
                    "deposed": [],
                    "provider": "provider.aws"
                },
                "aws_s3_bucket.storage": {
                    "type": "aws_s3_bucket",
                    "depends_on": [
                        "aws_s3_bucket.logging"
                    ],
                    "primary": {
                        "id": "power-blox-device-readings-dev",
                        "attributes": {
                            "acceleration_status": "",
                            "acl": "private",
                            "arn": "arn:aws:s3:::power-blox-device-readings-dev",
                            "bucket": "power-blox-device-readings-dev",
                            "bucket_domain_name": "power-blox-device-readings-dev.s3.amazonaws.com",
                            "bucket_regional_domain_name": "power-blox-device-readings-dev.s3.eu-west-1.amazonaws.com",
                            "cors_rule.#": "0",
                            "force_destroy": "false",
                            "hosted_zone_id": "Z1BKCTXD74EZPE",
                            "id": "power-blox-device-readings-dev",
                            "lifecycle_rule.#": "0",
                            "logging.#": "1",
                            "logging.569864290.target_bucket": "power-blox-device-readings-dev-logs",
                            "logging.569864290.target_prefix": "log/",
                            "region": "eu-west-1",
                            "replication_configuration.#": "0",
                            "request_payer": "BucketOwner",
                            "server_side_encryption_configuration.#": "0",
                            "tags.%": "2",
                            "tags.Environment": "dev",
                            "tags.Name": "Storage for device readings dev",
                            "versioning.#": "1",
                            "versioning.0.enabled": "false",
                            "versioning.0.mfa_delete": "false",
                            "website.#": "0"
                        },
                        "meta": {},
                        "tainted": false
                    },
                    "deposed": [],
                    "provider": "provider.aws"
                }
            },
            "depends_on": []
        },
        {
            "path": [
                "root",
                "apigw",
                "cors"
            ],
            "outputs": {},
            "resources": {
                "aws_api_gateway_integration._": {
                    "type": "aws_api_gateway_integration",
                    "depends_on": [
                        "aws_api_gateway_method._"
                    ],
                    "primary": {
                        "id": "agi-pdbi2eofs7-9bg3n3-OPTIONS",
                        "attributes": {
                            "cache_key_parameters.#": "0",
                            "cache_namespace": "9bg3n3",
                            "connection_id": "",
                            "connection_type": "INTERNET",
                            "content_handling": "",
                            "credentials": "",
                            "http_method": "OPTIONS",
                            "id": "agi-pdbi2eofs7-9bg3n3-OPTIONS",
                            "integration_http_method": "",
                            "passthrough_behavior": "WHEN_NO_MATCH",
                            "request_parameters.%": "0",
                            "request_templates.%": "1",
                            "request_templates.application/json": "{ \"statusCode\": 200 }",
                            "resource_id": "9bg3n3",
                            "rest_api_id": "pdbi2eofs7",
                            "timeout_milliseconds": "29000",
                            "type": "MOCK",
                            "uri": ""
                        },
                        "meta": {},
                        "tainted": false
                    },
                    "deposed": [],
                    "provider": "provider.aws"
                },
                "aws_api_gateway_integration_response._": {
                    "type": "aws_api_gateway_integration_response",
                    "depends_on": [
                        "aws_api_gateway_integration._",
                        "aws_api_gateway_method._"
                    ],
                    "primary": {
                        "id": "agir-pdbi2eofs7-9bg3n3-OPTIONS-200",
                        "attributes": {
                            "content_handling": "",
                            "http_method": "OPTIONS",
                            "id": "agir-pdbi2eofs7-9bg3n3-OPTIONS-200",
                            "resource_id": "9bg3n3",
                            "response_parameters.%": "4",
                            "response_parameters.method.response.header.Access-Control-Allow-Headers": "'Content-Type,X-Amz-Date,Authorization,X-Api-Key,X-Amz-Security-Token'",
                            "response_parameters.method.response.header.Access-Control-Allow-Methods": "'OPTIONS,HEAD,GET,POST,PUT,PATCH,DELETE'",
                            "response_parameters.method.response.header.Access-Control-Allow-Origin": "'*'",
                            "response_parameters.method.response.header.Access-Control-Max-Age": "'7200'",
                            "response_templates.%": "0",
                            "rest_api_id": "pdbi2eofs7",
                            "selection_pattern": "",
                            "status_code": "200"
                        },
                        "meta": {},
                        "tainted": false
                    },
                    "deposed": [],
                    "provider": "provider.aws"
                },
                "aws_api_gateway_method._": {
                    "type": "aws_api_gateway_method",
                    "depends_on": [],
                    "primary": {
                        "id": "agm-pdbi2eofs7-9bg3n3-OPTIONS",
                        "attributes": {
                            "api_key_required": "false",
                            "authorization": "NONE",
                            "authorization_scopes.#": "0",
                            "authorizer_id": "",
                            "http_method": "OPTIONS",
                            "id": "agm-pdbi2eofs7-9bg3n3-OPTIONS",
                            "request_models.%": "0",
                            "request_parameters.%": "0",
                            "request_validator_id": "",
                            "resource_id": "9bg3n3",
                            "rest_api_id": "pdbi2eofs7"
                        },
                        "meta": {},
                        "tainted": false
                    },
                    "deposed": [],
                    "provider": "provider.aws"
                },
                "aws_api_gateway_method_response._": {
                    "type": "aws_api_gateway_method_response",
                    "depends_on": [
                        "aws_api_gateway_method._"
                    ],
                    "primary": {
                        "id": "agmr-pdbi2eofs7-9bg3n3-OPTIONS-200",
                        "attributes": {
                            "http_method": "OPTIONS",
                            "id": "agmr-pdbi2eofs7-9bg3n3-OPTIONS-200",
                            "resource_id": "9bg3n3",
                            "response_models.%": "1",
                            "response_models.application/json": "Empty",
                            "response_parameters.%": "4",
                            "response_parameters.method.response.header.Access-Control-Allow-Headers": "true",
                            "response_parameters.method.response.header.Access-Control-Allow-Methods": "true",
                            "response_parameters.method.response.header.Access-Control-Allow-Origin": "true",
                            "response_parameters.method.response.header.Access-Control-Max-Age": "true",
                            "rest_api_id": "pdbi2eofs7",
                            "status_code": "200"
                        },
                        "meta": {},
                        "tainted": false
                    },
                    "deposed": [],
                    "provider": "provider.aws"
                }
            },
            "depends_on": []
        },
        {
            "path": [
                "root",
                "db",
                "mysql"
            ],
            "outputs": {
                "this_db_instance_address": {
                    "sensitive": false,
                    "type": "string",
                    "value": "power-blox-dev.cqhgu9pr1wh6.eu-west-1.rds.amazonaws.com"
                },
                "this_db_instance_arn": {
                    "sensitive": false,
                    "type": "string",
                    "value": "arn:aws:rds:eu-west-1:648039538347:db:power-blox-dev"
                },
                "this_db_instance_availability_zone": {
                    "sensitive": false,
                    "type": "string",
                    "value": "eu-west-1b"
                },
                "this_db_instance_endpoint": {
                    "sensitive": false,
                    "type": "string",
                    "value": "power-blox-dev.cqhgu9pr1wh6.eu-west-1.rds.amazonaws.com:3306"
                },
                "this_db_instance_hosted_zone_id": {
                    "sensitive": false,
                    "type": "string",
                    "value": "Z29XKXDKYMONMX"
                },
                "this_db_instance_id": {
                    "sensitive": false,
                    "type": "string",
                    "value": "power-blox-dev"
                },
                "this_db_instance_name": {
                    "sensitive": false,
                    "type": "string",
                    "value": "infrastructure"
                },
                "this_db_instance_password": {
                    "sensitive": false,
                    "type": "string",
                    "value": "gDX^affb8PRo3]sR"
                },
                "this_db_instance_port": {
                    "sensitive": false,
                    "type": "string",
                    "value": "3306"
                },
                "this_db_instance_resource_id": {
                    "sensitive": false,
                    "type": "string",
                    "value": "db-S5YWAUEF5XFWRDL6UZHI6Q2RHQ"
                },
                "this_db_instance_status": {
                    "sensitive": false,
                    "type": "string",
                    "value": "available"
                },
                "this_db_instance_username": {
                    "sensitive": false,
                    "type": "string",
                    "value": "root"
                },
                "this_db_option_group_arn": {
                    "sensitive": false,
                    "type": "string",
                    "value": "arn:aws:rds:eu-west-1:648039538347:og:power-blox-dev-20181031163155185100000002"
                },
                "this_db_option_group_id": {
                    "sensitive": false,
                    "type": "string",
                    "value": "power-blox-dev-20181031163155185100000002"
                },
                "this_db_parameter_group_arn": {
                    "sensitive": false,
                    "type": "string",
                    "value": "arn:aws:rds:eu-west-1:648039538347:pg:power-blox-dev-20181031163155184500000001"
                },
                "this_db_parameter_group_id": {
                    "sensitive": false,
                    "type": "string",
                    "value": "power-blox-dev-20181031163155184500000001"
                },
                "this_db_subnet_group_arn": {
                    "sensitive": false,
                    "type": "string",
                    "value": "arn:aws:rds:eu-west-1:648039538347:subgrp:power-blox-dev-20181031163155387100000003"
                },
                "this_db_subnet_group_id": {
                    "sensitive": false,
                    "type": "string",
                    "value": "power-blox-dev-20181031163155387100000003"
                }
            },
            "resources": {},
            "depends_on": []
        },
        {
            "path": [
                "root",
                "db",
                "mysql",
                "db_instance"
            ],
            "outputs": {
                "this_db_instance_address": {
                    "sensitive": false,
                    "type": "string",
                    "value": "power-blox-dev.cqhgu9pr1wh6.eu-west-1.rds.amazonaws.com"
                },
                "this_db_instance_arn": {
                    "sensitive": false,
                    "type": "string",
                    "value": "arn:aws:rds:eu-west-1:648039538347:db:power-blox-dev"
                },
                "this_db_instance_availability_zone": {
                    "sensitive": false,
                    "type": "string",
                    "value": "eu-west-1b"
                },
                "this_db_instance_endpoint": {
                    "sensitive": false,
                    "type": "string",
                    "value": "power-blox-dev.cqhgu9pr1wh6.eu-west-1.rds.amazonaws.com:3306"
                },
                "this_db_instance_hosted_zone_id": {
                    "sensitive": false,
                    "type": "string",
                    "value": "Z29XKXDKYMONMX"
                },
                "this_db_instance_id": {
                    "sensitive": false,
                    "type": "string",
                    "value": "power-blox-dev"
                },
                "this_db_instance_name": {
                    "sensitive": false,
                    "type": "string",
                    "value": "infrastructure"
                },
                "this_db_instance_password": {
                    "sensitive": false,
                    "type": "string",
                    "value": "gDX^affb8PRo3]sR"
                },
                "this_db_instance_port": {
                    "sensitive": false,
                    "type": "string",
                    "value": "3306"
                },
                "this_db_instance_resource_id": {
                    "sensitive": false,
                    "type": "string",
                    "value": "db-S5YWAUEF5XFWRDL6UZHI6Q2RHQ"
                },
                "this_db_instance_status": {
                    "sensitive": false,
                    "type": "string",
                    "value": "available"
                },
                "this_db_instance_username": {
                    "sensitive": false,
                    "type": "string",
                    "value": "root"
                }
            },
            "resources": {
                "aws_db_instance.this": {
                    "type": "aws_db_instance",
                    "depends_on": [
                        "aws_iam_role.enhanced_monitoring.*",
                        "local.is_mssql"
                    ],
                    "primary": {
                        "id": "power-blox-dev",
                        "attributes": {
                            "address": "power-blox-dev.cqhgu9pr1wh6.eu-west-1.rds.amazonaws.com",
                            "allocated_storage": "15",
                            "allow_major_version_upgrade": "false",
                            "apply_immediately": "false",
                            "arn": "arn:aws:rds:eu-west-1:648039538347:db:power-blox-dev",
                            "auto_minor_version_upgrade": "true",
                            "availability_zone": "eu-west-1b",
                            "backup_retention_period": "1",
                            "backup_window": "03:00-06:00",
                            "ca_cert_identifier": "rds-ca-2015",
                            "copy_tags_to_snapshot": "false",
                            "db_subnet_group_name": "power-blox-dev-20181031163155387100000003",
                            "deletion_protection": "true",
                            "domain": "",
                            "domain_iam_role_name": "",
                            "enabled_cloudwatch_logs_exports.#": "2",
                            "enabled_cloudwatch_logs_exports.0": "audit",
                            "enabled_cloudwatch_logs_exports.1": "general",
                            "endpoint": "power-blox-dev.cqhgu9pr1wh6.eu-west-1.rds.amazonaws.com:3306",
                            "engine": "mysql",
                            "engine_version": "5.7.19",
                            "final_snapshot_identifier": "power-blox-db-dev",
                            "hosted_zone_id": "Z29XKXDKYMONMX",
                            "iam_database_authentication_enabled": "true",
                            "id": "power-blox-dev",
                            "identifier": "power-blox-dev",
                            "instance_class": "db.t2.medium",
                            "iops": "0",
                            "kms_key_id": "",
                            "license_model": "general-public-license",
                            "maintenance_window": "mon:00:00-mon:03:00",
                            "monitoring_interval": "30",
                            "monitoring_role_arn": "arn:aws:iam::648039538347:role/power-blox-RDSMonitoringRole",
                            "multi_az": "true",
                            "name": "infrastructure",
                            "option_group_name": "power-blox-dev-20181031163155185100000002",
                            "parameter_group_name": "power-blox-dev-20181031163155184500000001",
                            "password": "gDX^affb8PRo3]sR",
                            "port": "3306",
                            "publicly_accessible": "false",
                            "replicas.#": "0",
                            "replicate_source_db": "",
                            "resource_id": "db-S5YWAUEF5XFWRDL6UZHI6Q2RHQ",
                            "security_group_names.#": "0",
                            "skip_final_snapshot": "true",
                            "status": "available",
                            "storage_encrypted": "false",
                            "storage_type": "gp2",
                            "tags.%": "3",
                            "tags.Environment": "dev",
                            "tags.Name": "power-blox-dev",
                            "tags.Owner": "power-blox",
                            "timezone": "",
                            "username": "root",
                            "vpc_security_group_ids.#": "2",
                            "vpc_security_group_ids.1470724325": "sg-0955c252c4f4351f8",
                            "vpc_security_group_ids.3845004230": "sg-78765807"
                        },
                        "meta": {
                            "e2bfb730-ecaa-11e6-8f88-34363bc7c4c0": {
                                "create": 2400000000000,
                                "delete": 2400000000000,
                                "update": 4800000000000
                            }
                        },
                        "tainted": false
                    },
                    "deposed": [],
                    "provider": "provider.aws"
                },
                "aws_iam_role.enhanced_monitoring": {
                    "type": "aws_iam_role",
                    "depends_on": [],
                    "primary": {
                        "id": "power-blox-RDSMonitoringRole",
                        "attributes": {
                            "arn": "arn:aws:iam::648039538347:role/power-blox-RDSMonitoringRole",
                            "assume_role_policy": "{\"Version\":\"2012-10-17\",\"Statement\":[{\"Sid\":\"\",\"Effect\":\"Allow\",\"Principal\":{\"Service\":\"monitoring.rds.amazonaws.com\"},\"Action\":\"sts:AssumeRole\"}]}",
                            "create_date": "2018-10-31T16:27:24Z",
                            "description": "",
                            "force_detach_policies": "false",
                            "id": "power-blox-RDSMonitoringRole",
                            "max_session_duration": "3600",
                            "name": "power-blox-RDSMonitoringRole",
                            "path": "/",
                            "unique_id": "AROAIQDVCXRZ2YPP4HYNA"
                        },
                        "meta": {},
                        "tainted": false
                    },
                    "deposed": [],
                    "provider": "provider.aws"
                },
                "aws_iam_role_policy_attachment.enhanced_monitoring": {
                    "type": "aws_iam_role_policy_attachment",
                    "depends_on": [
                        "aws_iam_role.enhanced_monitoring"
                    ],
                    "primary": {
                        "id": "power-blox-RDSMonitoringRole-20181031162725275900000004",
                        "attributes": {
                            "id": "power-blox-RDSMonitoringRole-20181031162725275900000004",
                            "policy_arn": "arn:aws:iam::aws:policy/service-role/AmazonRDSEnhancedMonitoringRole",
                            "role": "power-blox-RDSMonitoringRole"
                        },
                        "meta": {},
                        "tainted": false
                    },
                    "deposed": [],
                    "provider": "provider.aws"
                }
            },
            "depends_on": []
        },
        {
            "path": [
                "root",
                "db",
                "mysql",
                "db_option_group"
            ],
            "outputs": {
                "this_db_option_group_arn": {
                    "sensitive": false,
                    "type": "string",
                    "value": "arn:aws:rds:eu-west-1:648039538347:og:power-blox-dev-20181031163155185100000002"
                },
                "this_db_option_group_id": {
                    "sensitive": false,
                    "type": "string",
                    "value": "power-blox-dev-20181031163155185100000002"
                }
            },
            "resources": {
                "aws_db_option_group.this": {
                    "type": "aws_db_option_group",
                    "depends_on": [],
                    "primary": {
                        "id": "power-blox-dev-20181031163155185100000002",
                        "attributes": {
                            "arn": "arn:aws:rds:eu-west-1:648039538347:og:power-blox-dev-20181031163155185100000002",
                            "engine_name": "mysql",
                            "id": "power-blox-dev-20181031163155185100000002",
                            "major_engine_version": "5.7",
                            "name": "power-blox-dev-20181031163155185100000002",
                            "name_prefix": "power-blox-dev-",
                            "option.#": "1",
                            "option.2944370251.db_security_group_memberships.#": "0",
                            "option.2944370251.option_name": "MARIADB_AUDIT_PLUGIN",
                            "option.2944370251.option_settings.#": "2",
                            "option.2944370251.option_settings.356656412.name": "SERVER_AUDIT_EVENTS",
                            "option.2944370251.option_settings.356656412.value": "CONNECT",
                            "option.2944370251.option_settings.3960893220.name": "SERVER_AUDIT_FILE_ROTATIONS",
                            "option.2944370251.option_settings.3960893220.value": "37",
                            "option.2944370251.port": "0",
                            "option.2944370251.version": "",
                            "option.2944370251.vpc_security_group_memberships.#": "0",
                            "option_group_description": "Option group for power-blox-dev",
                            "tags.%": "3",
                            "tags.Environment": "dev",
                            "tags.Name": "power-blox-dev",
                            "tags.Owner": "power-blox"
                        },
                        "meta": {
                            "e2bfb730-ecaa-11e6-8f88-34363bc7c4c0": {
                                "delete": 900000000000
                            }
                        },
                        "tainted": false
                    },
                    "deposed": [],
                    "provider": "provider.aws"
                }
            },
            "depends_on": []
        },
        {
            "path": [
                "root",
                "db",
                "mysql",
                "db_parameter_group"
            ],
            "outputs": {
                "this_db_parameter_group_arn": {
                    "sensitive": false,
                    "type": "string",
                    "value": "arn:aws:rds:eu-west-1:648039538347:pg:power-blox-dev-20181031163155184500000001"
                },
                "this_db_parameter_group_id": {
                    "sensitive": false,
                    "type": "string",
                    "value": "power-blox-dev-20181031163155184500000001"
                }
            },
            "resources": {
                "aws_db_parameter_group.this": {
                    "type": "aws_db_parameter_group",
                    "depends_on": [],
                    "primary": {
                        "id": "power-blox-dev-20181031163155184500000001",
                        "attributes": {
                            "arn": "arn:aws:rds:eu-west-1:648039538347:pg:power-blox-dev-20181031163155184500000001",
                            "description": "Database parameter group for power-blox-dev",
                            "family": "mysql5.7",
                            "id": "power-blox-dev-20181031163155184500000001",
                            "name": "power-blox-dev-20181031163155184500000001",
                            "name_prefix": "power-blox-dev-",
                            "parameter.#": "2",
                            "parameter.2421266705.apply_method": "immediate",
                            "parameter.2421266705.name": "character_set_server",
                            "parameter.2421266705.value": "utf8",
                            "parameter.2478663599.apply_method": "immediate",
                            "parameter.2478663599.name": "character_set_client",
                            "parameter.2478663599.value": "utf8",
                            "tags.%": "3",
                            "tags.Environment": "dev",
                            "tags.Name": "power-blox-dev",
                            "tags.Owner": "power-blox"
                        },
                        "meta": {},
                        "tainted": false
                    },
                    "deposed": [],
                    "provider": "provider.aws"
                }
            },
            "depends_on": []
        },
        {
            "path": [
                "root",
                "db",
                "mysql",
                "db_subnet_group"
            ],
            "outputs": {
                "this_db_subnet_group_arn": {
                    "sensitive": false,
                    "type": "string",
                    "value": "arn:aws:rds:eu-west-1:648039538347:subgrp:power-blox-dev-20181031163155387100000003"
                },
                "this_db_subnet_group_id": {
                    "sensitive": false,
                    "type": "string",
                    "value": "power-blox-dev-20181031163155387100000003"
                }
            },
            "resources": {
                "aws_db_subnet_group.this": {
                    "type": "aws_db_subnet_group",
                    "depends_on": [],
                    "primary": {
                        "id": "power-blox-dev-20181031163155387100000003",
                        "attributes": {
                            "arn": "arn:aws:rds:eu-west-1:648039538347:subgrp:power-blox-dev-20181031163155387100000003",
                            "description": "Database subnet group for power-blox-dev",
                            "id": "power-blox-dev-20181031163155387100000003",
                            "name": "power-blox-dev-20181031163155387100000003",
                            "name_prefix": "power-blox-dev-",
                            "subnet_ids.#": "3",
                            "subnet_ids.1727079137": "subnet-6c7be60a",
                            "subnet_ids.2487116304": "subnet-026db258",
                            "subnet_ids.3674024751": "subnet-601c7028",
                            "tags.%": "3",
                            "tags.Environment": "dev",
                            "tags.Name": "power-blox-dev",
                            "tags.Owner": "power-blox"
                        },
                        "meta": {},
                        "tainted": false
                    },
                    "deposed": [],
                    "provider": "provider.aws"
                }
            },
            "depends_on": []
        }
    ]
}
